
Microsoft Visual Studio Solution File, Format Version 12.00
# Visual Studio 2013
VisualStudioVersion = 12.0.40629.0
MinimumVisualStudioVersion = 10.0.40219.1
Project("{FAE04EC0-301F-11D3-BF4B-00C04F79EFBC}") = "Myzorino", "Myzorino\Myzorino.csproj", "{76178D48-1B6F-4FA1-B1DF-4A10EAD757E7}"
EndProject
Project("{FAE04EC0-301F-11D3-BF4B-00C04F79EFBC}") = "MovieRestClient", "MovieApi\MovieRestClient.csproj", "{AD2D312E-602B-4A98-8DA0-8456FB5EE859}"
EndProject
Project("{FAE04EC0-301F-11D3-BF4B-00C04F79EFBC}") = "Tools", "Tools\Tools.csproj", "{0F4096C8-C934-45C7-B9FF-833ED65E9502}"
EndProject
Project("{FAE04EC0-301F-11D3-BF4B-00C04F79EFBC}") = "DataProvider", "DataProvider\DataProvider.csproj", "{AB031096-8915-44B5-8A19-17F7A7BC0304}"
EndProject
Global
	GlobalSection(SolutionConfigurationPlatforms) = preSolution
		Debug|Any CPU = Debug|Any CPU
		Release|Any CPU = Release|Any CPU
	EndGlobalSection
	GlobalSection(ProjectConfigurationPlatforms) = postSolution
		{76178D48-1B6F-4FA1-B1DF-4A10EAD757E7}.Debug|Any CPU.ActiveCfg = Debug|Any CPU
		{76178D48-1B6F-4FA1-B1DF-4A10EAD757E7}.Debug|Any CPU.Build.0 = Debug|Any CPU
		{76178D48-1B6F-4FA1-B1DF-4A10EAD757E7}.Release|Any CPU.ActiveCfg = Release|Any CPU
		{76178D48-1B6F-4FA1-B1DF-4A10EAD757E7}.Release|Any CPU.Build.0 = Release|Any CPU
		{AD2D312E-602B-4A98-8DA0-8456FB5EE859}.Debug|Any CPU.ActiveCfg = Debug|Any CPU
		{AD2D312E-602B-4A98-8DA0-8456FB5EE859}.Debug|Any CPU.Build.0 = Debug|Any CPU
		{AD2D312E-602B-4A98-8DA0-8456FB5EE859}.Release|Any CPU.ActiveCfg = Release|Any CPU
		{AD2D312E-602B-4A98-8DA0-8456FB5EE859}.Release|Any CPU.Build.0 = Release|Any CPU
		{0F4096C8-C934-45C7-B9FF-833ED65E9502}.Debug|Any CPU.ActiveCfg = Debug|Any CPU
		{0F4096C8-C934-45C7-B9FF-833ED65E9502}.Debug|Any CPU.Build.0 = Debug|Any CPU
		{0F4096C8-C934-45C7-B9FF-833ED65E9502}.Release|Any CPU.ActiveCfg = Release|Any CPU
		{0F4096C8-C934-45C7-B9FF-833ED65E9502}.Release|Any CPU.Build.0 = Release|Any CPU
		{AB031096-8915-44B5-8A19-17F7A7BC0304}.Debug|Any CPU.ActiveCfg = Debug|Any CPU
		{AB031096-8915-44B5-8A19-17F7A7BC0304}.Debug|Any CPU.Build.0 = Debug|Any CPU
		{AB031096-8915-44B5-8A19-17F7A7BC0304}.Release|Any CPU.ActiveCfg = Release|Any CPU
		{AB031096-8915-44B5-8A19-17F7A7BC0304}.Release|Any CPU.Build.0 = Release|Any CPU
	EndGlobalSection
	GlobalSection(SolutionProperties) = preSolution
		HideSolutionNode = FALSE
	EndGlobalSection
EndGlobal
